
Microsoft Visual Studio Solution File, Format Version 12.00
# Visual Studio Version 17
VisualStudioVersion = 17.1.32407.343
MinimumVisualStudioVersion = 10.0.40219.1
Project("{9A19103F-16F7-4668-BE54-9A1E7A4F7556}") = "DAL", "DAL\DAL.csproj", "{08F04BA1-CF9A-42C7-A49A-FD4731BBAE88}"
EndProject
Project("{9A19103F-16F7-4668-BE54-9A1E7A4F7556}") = "BLL", "BLL\BLL.csproj", "{4B9D5831-B5BE-43DA-BCCD-3568048FF303}"
EndProject
Project("{FAE04EC0-301F-11D3-BF4B-00C04F79EFBC}") = "WebAPI_PL", "WebAPI_PL\WebAPI_PL.csproj", "{AC4EBCFC-0545-41D1-B852-96AF42EDB9AC}"
EndProject
Global
	GlobalSection(SolutionConfigurationPlatforms) = preSolution
		Debug|Any CPU = Debug|Any CPU
		Release|Any CPU = Release|Any CPU
	EndGlobalSection
	GlobalSection(ProjectConfigurationPlatforms) = postSolution
		{08F04BA1-CF9A-42C7-A49A-FD4731BBAE88}.Debug|Any CPU.ActiveCfg = Debug|Any CPU
		{08F04BA1-CF9A-42C7-A49A-FD4731BBAE88}.Debug|Any CPU.Build.0 = Debug|Any CPU
		{08F04BA1-CF9A-42C7-A49A-FD4731BBAE88}.Release|Any CPU.ActiveCfg = Release|Any CPU
		{08F04BA1-CF9A-42C7-A49A-FD4731BBAE88}.Release|Any CPU.Build.0 = Release|Any CPU
		{4B9D5831-B5BE-43DA-BCCD-3568048FF303}.Debug|Any CPU.ActiveCfg = Debug|Any CPU
		{4B9D5831-B5BE-43DA-BCCD-3568048FF303}.Debug|Any CPU.Build.0 = Debug|Any CPU
		{4B9D5831-B5BE-43DA-BCCD-3568048FF303}.Release|Any CPU.ActiveCfg = Release|Any CPU
		{4B9D5831-B5BE-43DA-BCCD-3568048FF303}.Release|Any CPU.Build.0 = Release|Any CPU
		{AC4EBCFC-0545-41D1-B852-96AF42EDB9AC}.Debug|Any CPU.ActiveCfg = Debug|Any CPU
		{AC4EBCFC-0545-41D1-B852-96AF42EDB9AC}.Debug|Any CPU.Build.0 = Debug|Any CPU
		{AC4EBCFC-0545-41D1-B852-96AF42EDB9AC}.Release|Any CPU.ActiveCfg = Release|Any CPU
		{AC4EBCFC-0545-41D1-B852-96AF42EDB9AC}.Release|Any CPU.Build.0 = Release|Any CPU
	EndGlobalSection
	GlobalSection(SolutionProperties) = preSolution
		HideSolutionNode = FALSE
	EndGlobalSection
	GlobalSection(ExtensibilityGlobals) = postSolution
		SolutionGuid = {3621E41F-EAEC-484C-8061-9BF74940A61E}
	EndGlobalSection
EndGlobal
